
Microsoft Visual Studio Solution File, Format Version 12.00
# Visual Studio 15
VisualStudioVersion = 15.0.28307.329
MinimumVisualStudioVersion = 10.0.40219.1
Project("{FAE04EC0-301F-11D3-BF4B-00C04F79EFBC}") = "MiniSQLEngine", "MiniSQLEngine\MiniSQLEngine.csproj", "{71FBA82F-F594-44D5-89C6-A4C78022DB60}"
EndProject
Project("{FAE04EC0-301F-11D3-BF4B-00C04F79EFBC}") = "testParsingC", "testParsing\testParsingC.csproj", "{82E3565F-44E4-4399-8EA6-11B8A1D2B80D}"
EndProject
Project("{FAE04EC0-301F-11D3-BF4B-00C04F79EFBC}") = "ConsoleApp2", "ConsoleApp2\ConsoleApp2.csproj", "{6D07D2B7-8092-47E0-AB6D-DD2EECCE1668}"
EndProject
Project("{FAE04EC0-301F-11D3-BF4B-00C04F79EFBC}") = "PruebaFichero", "PruebaFichero\PruebaFichero.csproj", "{0C5D33C7-1CE7-4873-9368-44D3FDC3F990}"
EndProject
Project("{FAE04EC0-301F-11D3-BF4B-00C04F79EFBC}") = "PruebaUpdate", "PruebaUpdate\PruebaUpdate.csproj", "{F18FFD9A-58F6-460F-B8FF-76231A5DC0DC}"
EndProject
Project("{FAE04EC0-301F-11D3-BF4B-00C04F79EFBC}") = "TestInsert", "TestInsert\TestInsert.csproj", "{875E1429-6A6B-4A0A-BAC0-BA3E3888A47C}"
EndProject
Project("{2150E333-8FDC-42A3-9474-1A3956D46DE8}") = "tests", "tests", "{AFDC3B65-D23B-4BDB-947D-0600B314A627}"
EndProject
Global
	GlobalSection(SolutionConfigurationPlatforms) = preSolution
		Debug|Any CPU = Debug|Any CPU
		Release|Any CPU = Release|Any CPU
	EndGlobalSection
	GlobalSection(ProjectConfigurationPlatforms) = postSolution
		{71FBA82F-F594-44D5-89C6-A4C78022DB60}.Debug|Any CPU.ActiveCfg = Debug|Any CPU
		{71FBA82F-F594-44D5-89C6-A4C78022DB60}.Debug|Any CPU.Build.0 = Debug|Any CPU
		{71FBA82F-F594-44D5-89C6-A4C78022DB60}.Release|Any CPU.ActiveCfg = Release|Any CPU
		{71FBA82F-F594-44D5-89C6-A4C78022DB60}.Release|Any CPU.Build.0 = Release|Any CPU
		{82E3565F-44E4-4399-8EA6-11B8A1D2B80D}.Debug|Any CPU.ActiveCfg = Debug|Any CPU
		{82E3565F-44E4-4399-8EA6-11B8A1D2B80D}.Debug|Any CPU.Build.0 = Debug|Any CPU
		{82E3565F-44E4-4399-8EA6-11B8A1D2B80D}.Release|Any CPU.ActiveCfg = Release|Any CPU
		{82E3565F-44E4-4399-8EA6-11B8A1D2B80D}.Release|Any CPU.Build.0 = Release|Any CPU
		{6D07D2B7-8092-47E0-AB6D-DD2EECCE1668}.Debug|Any CPU.ActiveCfg = Debug|Any CPU
		{6D07D2B7-8092-47E0-AB6D-DD2EECCE1668}.Debug|Any CPU.Build.0 = Debug|Any CPU
		{6D07D2B7-8092-47E0-AB6D-DD2EECCE1668}.Release|Any CPU.ActiveCfg = Release|Any CPU
		{6D07D2B7-8092-47E0-AB6D-DD2EECCE1668}.Release|Any CPU.Build.0 = Release|Any CPU
		{0C5D33C7-1CE7-4873-9368-44D3FDC3F990}.Debug|Any CPU.ActiveCfg = Debug|Any CPU
		{0C5D33C7-1CE7-4873-9368-44D3FDC3F990}.Debug|Any CPU.Build.0 = Debug|Any CPU
		{0C5D33C7-1CE7-4873-9368-44D3FDC3F990}.Release|Any CPU.ActiveCfg = Release|Any CPU
		{0C5D33C7-1CE7-4873-9368-44D3FDC3F990}.Release|Any CPU.Build.0 = Release|Any CPU
		{F18FFD9A-58F6-460F-B8FF-76231A5DC0DC}.Debug|Any CPU.ActiveCfg = Debug|Any CPU
		{F18FFD9A-58F6-460F-B8FF-76231A5DC0DC}.Debug|Any CPU.Build.0 = Debug|Any CPU
		{F18FFD9A-58F6-460F-B8FF-76231A5DC0DC}.Release|Any CPU.ActiveCfg = Release|Any CPU
		{F18FFD9A-58F6-460F-B8FF-76231A5DC0DC}.Release|Any CPU.Build.0 = Release|Any CPU
		{875E1429-6A6B-4A0A-BAC0-BA3E3888A47C}.Debug|Any CPU.ActiveCfg = Debug|Any CPU
		{875E1429-6A6B-4A0A-BAC0-BA3E3888A47C}.Debug|Any CPU.Build.0 = Debug|Any CPU
		{875E1429-6A6B-4A0A-BAC0-BA3E3888A47C}.Release|Any CPU.ActiveCfg = Release|Any CPU
		{875E1429-6A6B-4A0A-BAC0-BA3E3888A47C}.Release|Any CPU.Build.0 = Release|Any CPU
	EndGlobalSection
	GlobalSection(SolutionProperties) = preSolution
		HideSolutionNode = FALSE
	EndGlobalSection
	GlobalSection(NestedProjects) = preSolution
		{82E3565F-44E4-4399-8EA6-11B8A1D2B80D} = {AFDC3B65-D23B-4BDB-947D-0600B314A627}
		{0C5D33C7-1CE7-4873-9368-44D3FDC3F990} = {AFDC3B65-D23B-4BDB-947D-0600B314A627}
		{F18FFD9A-58F6-460F-B8FF-76231A5DC0DC} = {AFDC3B65-D23B-4BDB-947D-0600B314A627}
		{875E1429-6A6B-4A0A-BAC0-BA3E3888A47C} = {AFDC3B65-D23B-4BDB-947D-0600B314A627}
	EndGlobalSection
	GlobalSection(ExtensibilityGlobals) = postSolution
		SolutionGuid = {B70B88F6-7CBD-41C2-BCA0-E49A3E2A6B29}
	EndGlobalSection
EndGlobal
